
Microsoft Visual Studio Solution File, Format Version 12.00
# Visual Studio Version 16
VisualStudioVersion = 16.0.31005.135
MinimumVisualStudioVersion = 10.0.40219.1
Project("{FAE04EC0-301F-11D3-BF4B-00C04F79EFBC}") = "OOP1", "OOP1\OOP1.csproj", "{F912FF4F-435E-4106-9D2A-6F0E44961F5A}"
EndProject
Global
	GlobalSection(SolutionConfigurationPlatforms) = preSolution
		Debug|Any CPU = Debug|Any CPU
		Release|Any CPU = Release|Any CPU
	EndGlobalSection
	GlobalSection(ProjectConfigurationPlatforms) = postSolution
		{F912FF4F-435E-4106-9D2A-6F0E44961F5A}.Debug|Any CPU.ActiveCfg = Debug|Any CPU
		{F912FF4F-435E-4106-9D2A-6F0E44961F5A}.Debug|Any CPU.Build.0 = Debug|Any CPU
		{F912FF4F-435E-4106-9D2A-6F0E44961F5A}.Release|Any CPU.ActiveCfg = Release|Any CPU
		{F912FF4F-435E-4106-9D2A-6F0E44961F5A}.Release|Any CPU.Build.0 = Release|Any CPU
	EndGlobalSection
	GlobalSection(SolutionProperties) = preSolution
		HideSolutionNode = FALSE
	EndGlobalSection
	GlobalSection(ExtensibilityGlobals) = postSolution
		SolutionGuid = {C6F25432-5A0C-4C60-9082-792C3C481A26}
	EndGlobalSection
EndGlobal
